
Microsoft Visual Studio Solution File, Format Version 12.00
# Visual Studio Version 16
VisualStudioVersion = 16.0.31112.23
MinimumVisualStudioVersion = 10.0.40219.1
Project("{FAE04EC0-301F-11D3-BF4B-00C04F79EFBC}") = "ATSDlb3", "ATSDlb3\ATSDlb3.csproj", "{E1034995-D551-426A-A4C3-5ADEF3C2830E}"
EndProject
Global
	GlobalSection(SolutionConfigurationPlatforms) = preSolution
		Debug|Any CPU = Debug|Any CPU
		Release|Any CPU = Release|Any CPU
	EndGlobalSection
	GlobalSection(ProjectConfigurationPlatforms) = postSolution
		{E1034995-D551-426A-A4C3-5ADEF3C2830E}.Debug|Any CPU.ActiveCfg = Debug|Any CPU
		{E1034995-D551-426A-A4C3-5ADEF3C2830E}.Debug|Any CPU.Build.0 = Debug|Any CPU
		{E1034995-D551-426A-A4C3-5ADEF3C2830E}.Release|Any CPU.ActiveCfg = Release|Any CPU
		{E1034995-D551-426A-A4C3-5ADEF3C2830E}.Release|Any CPU.Build.0 = Release|Any CPU
	EndGlobalSection
	GlobalSection(SolutionProperties) = preSolution
		HideSolutionNode = FALSE
	EndGlobalSection
	GlobalSection(ExtensibilityGlobals) = postSolution
		SolutionGuid = {9FDE98A3-4AA0-4AE4-A557-5FC9FD4742B4}
	EndGlobalSection
EndGlobal
